
Microsoft Visual Studio Solution File, Format Version 12.00
# Visual Studio 14
VisualStudioVersion = 14.0.25420.1
MinimumVisualStudioVersion = 10.0.40219.1
Project("{FAE04EC0-301F-11D3-BF4B-00C04F79EFBC}") = "SAF.Web", "SAF.Web\SAF.Web.csproj", "{B2BECED1-378F-43C2-A6DF-EA392163DF8D}"
EndProject
Project("{FAE04EC0-301F-11D3-BF4B-00C04F79EFBC}") = "SAF.Core", "SAF.Core\SAF.Core.csproj", "{DDFF8A04-A9EF-4843-B0CF-99D47D98D360}"
EndProject
Project("{2150E333-8FDC-42A3-9474-1A3956D46DE8}") = "SAF.Hub", "SAF.Hub", "{1587AFBD-EAD7-4C28-A0E4-BE234A565133}"
EndProject
Project("{2150E333-8FDC-42A3-9474-1A3956D46DE8}") = "SAF.IM", "SAF.IM", "{8C7056CB-C7A5-4C82-B105-4A2F48884A79}"
EndProject
Project("{FAE04EC0-301F-11D3-BF4B-00C04F79EFBC}") = "SAF.IM.Api", "SAF.IM\SAF.IM.Api\SAF.IM.Api.csproj", "{D4D3EF1A-D507-40C2-A627-DA01B13E8DDD}"
EndProject
Project("{FAE04EC0-301F-11D3-BF4B-00C04F79EFBC}") = "SAF.Hub.Api", "SAF.Hub\SAF.Hub.Api\SAF.Hub.Api.csproj", "{72BC21D0-7E0F-45C3-ADC4-AA2D7EBA36BB}"
EndProject
Project("{2150E333-8FDC-42A3-9474-1A3956D46DE8}") = "SAF.CMS", "SAF.CMS", "{3668EC7B-F982-462C-9733-41B710437F51}"
EndProject
Project("{FAE04EC0-301F-11D3-BF4B-00C04F79EFBC}") = "SAF.CMS.Api", "SAF.CMS\SAF.CMS.Api\SAF.CMS.Api.csproj", "{7688DCB1-FC8A-4E51-9C97-67B2838B26E9}"
EndProject
Project("{2150E333-8FDC-42A3-9474-1A3956D46DE8}") = "SAF.MM", "SAF.MM", "{7F4CC037-5568-486D-9D9E-D3E5C8B71D98}"
EndProject
Project("{FAE04EC0-301F-11D3-BF4B-00C04F79EFBC}") = "SAF.MM.Api", "SAF.MM\SAF.MM.Api\SAF.MM.Api.csproj", "{4338C6FF-2FC2-4140-9124-723C93CFF253}"
EndProject
Project("{2150E333-8FDC-42A3-9474-1A3956D46DE8}") = "SAF.SM", "SAF.SM", "{80044A41-E85B-43BF-A5C6-2674A95A402B}"
EndProject
Project("{FAE04EC0-301F-11D3-BF4B-00C04F79EFBC}") = "SAF.SM.Api", "SAF.SM\SAF.SM.Api\SAF.SM.Api.csproj", "{623F8403-2CDA-41C1-BD2C-C8BE91C6FC2C}"
EndProject
Project("{2150E333-8FDC-42A3-9474-1A3956D46DE8}") = "SAF.TM", "SAF.TM", "{823E6D4A-A8DF-47CD-8712-2DB0B6F3F0D5}"
EndProject
Project("{FAE04EC0-301F-11D3-BF4B-00C04F79EFBC}") = "SAF.TM.Api", "SAF.TM\SAF.TM.Api\SAF.TM.Api.csproj", "{68DAF431-6F2C-43DB-BE1D-3FCDB8034174}"
EndProject
Project("{FAE04EC0-301F-11D3-BF4B-00C04F79EFBC}") = "SAF.CMS.Model", "SAF.CMS\SAF.CMS.Model\SAF.CMS.Model.csproj", "{3759A26B-B1A8-4FBB-AA38-11E061302176}"
EndProject
Project("{FAE04EC0-301F-11D3-BF4B-00C04F79EFBC}") = "SAF.Hub.Model", "SAF.Hub\SAF.Hub.Model\SAF.Hub.Model.csproj", "{34CC1AD9-DF8B-40BE-8FB9-2F1A7E4373B6}"
EndProject
Project("{FAE04EC0-301F-11D3-BF4B-00C04F79EFBC}") = "SAF.IM.Model", "SAF.IM\SAF.IM.Model\SAF.IM.Model.csproj", "{CDC7E153-B0D4-4565-94F8-C1C5E97D0A30}"
EndProject
Project("{FAE04EC0-301F-11D3-BF4B-00C04F79EFBC}") = "SAF.MM.Model", "SAF.MM\SAF.MM.Model\SAF.MM.Model.csproj", "{F5B45D0B-511C-4545-A747-C7A09DA433B9}"
EndProject
Project("{FAE04EC0-301F-11D3-BF4B-00C04F79EFBC}") = "SAF.SM.Model", "SAF.SM\SAF.SM.Model\SAF.SM.Model.csproj", "{11C42527-52A0-4882-BC6A-CDD812FCF1DF}"
EndProject
Project("{FAE04EC0-301F-11D3-BF4B-00C04F79EFBC}") = "SAF.TM.Model", "SAF.TM\SAF.TM.Model\SAF.TM.Model.csproj", "{9FE0AECC-447E-4D03-8ED2-2CC20EBF3199}"
EndProject
Global
	GlobalSection(SolutionConfigurationPlatforms) = preSolution
		Debug|Any CPU = Debug|Any CPU
		Release|Any CPU = Release|Any CPU
	EndGlobalSection
	GlobalSection(ProjectConfigurationPlatforms) = postSolution
		{B2BECED1-378F-43C2-A6DF-EA392163DF8D}.Debug|Any CPU.ActiveCfg = Debug|Any CPU
		{B2BECED1-378F-43C2-A6DF-EA392163DF8D}.Debug|Any CPU.Build.0 = Debug|Any CPU
		{B2BECED1-378F-43C2-A6DF-EA392163DF8D}.Release|Any CPU.ActiveCfg = Release|Any CPU
		{B2BECED1-378F-43C2-A6DF-EA392163DF8D}.Release|Any CPU.Build.0 = Release|Any CPU
		{DDFF8A04-A9EF-4843-B0CF-99D47D98D360}.Debug|Any CPU.ActiveCfg = Debug|Any CPU
		{DDFF8A04-A9EF-4843-B0CF-99D47D98D360}.Debug|Any CPU.Build.0 = Debug|Any CPU
		{DDFF8A04-A9EF-4843-B0CF-99D47D98D360}.Release|Any CPU.ActiveCfg = Release|Any CPU
		{DDFF8A04-A9EF-4843-B0CF-99D47D98D360}.Release|Any CPU.Build.0 = Release|Any CPU
		{D4D3EF1A-D507-40C2-A627-DA01B13E8DDD}.Debug|Any CPU.ActiveCfg = Debug|Any CPU
		{D4D3EF1A-D507-40C2-A627-DA01B13E8DDD}.Debug|Any CPU.Build.0 = Debug|Any CPU
		{D4D3EF1A-D507-40C2-A627-DA01B13E8DDD}.Release|Any CPU.ActiveCfg = Release|Any CPU
		{D4D3EF1A-D507-40C2-A627-DA01B13E8DDD}.Release|Any CPU.Build.0 = Release|Any CPU
		{72BC21D0-7E0F-45C3-ADC4-AA2D7EBA36BB}.Debug|Any CPU.ActiveCfg = Debug|Any CPU
		{72BC21D0-7E0F-45C3-ADC4-AA2D7EBA36BB}.Debug|Any CPU.Build.0 = Debug|Any CPU
		{72BC21D0-7E0F-45C3-ADC4-AA2D7EBA36BB}.Release|Any CPU.ActiveCfg = Release|Any CPU
		{72BC21D0-7E0F-45C3-ADC4-AA2D7EBA36BB}.Release|Any CPU.Build.0 = Release|Any CPU
		{7688DCB1-FC8A-4E51-9C97-67B2838B26E9}.Debug|Any CPU.ActiveCfg = Debug|Any CPU
		{7688DCB1-FC8A-4E51-9C97-67B2838B26E9}.Debug|Any CPU.Build.0 = Debug|Any CPU
		{7688DCB1-FC8A-4E51-9C97-67B2838B26E9}.Release|Any CPU.ActiveCfg = Release|Any CPU
		{7688DCB1-FC8A-4E51-9C97-67B2838B26E9}.Release|Any CPU.Build.0 = Release|Any CPU
		{4338C6FF-2FC2-4140-9124-723C93CFF253}.Debug|Any CPU.ActiveCfg = Debug|Any CPU
		{4338C6FF-2FC2-4140-9124-723C93CFF253}.Debug|Any CPU.Build.0 = Debug|Any CPU
		{4338C6FF-2FC2-4140-9124-723C93CFF253}.Release|Any CPU.ActiveCfg = Release|Any CPU
		{4338C6FF-2FC2-4140-9124-723C93CFF253}.Release|Any CPU.Build.0 = Release|Any CPU
		{623F8403-2CDA-41C1-BD2C-C8BE91C6FC2C}.Debug|Any CPU.ActiveCfg = Debug|Any CPU
		{623F8403-2CDA-41C1-BD2C-C8BE91C6FC2C}.Debug|Any CPU.Build.0 = Debug|Any CPU
		{623F8403-2CDA-41C1-BD2C-C8BE91C6FC2C}.Release|Any CPU.ActiveCfg = Release|Any CPU
		{623F8403-2CDA-41C1-BD2C-C8BE91C6FC2C}.Release|Any CPU.Build.0 = Release|Any CPU
		{68DAF431-6F2C-43DB-BE1D-3FCDB8034174}.Debug|Any CPU.ActiveCfg = Debug|Any CPU
		{68DAF431-6F2C-43DB-BE1D-3FCDB8034174}.Debug|Any CPU.Build.0 = Debug|Any CPU
		{68DAF431-6F2C-43DB-BE1D-3FCDB8034174}.Release|Any CPU.ActiveCfg = Release|Any CPU
		{68DAF431-6F2C-43DB-BE1D-3FCDB8034174}.Release|Any CPU.Build.0 = Release|Any CPU
		{3759A26B-B1A8-4FBB-AA38-11E061302176}.Debug|Any CPU.ActiveCfg = Debug|Any CPU
		{3759A26B-B1A8-4FBB-AA38-11E061302176}.Debug|Any CPU.Build.0 = Debug|Any CPU
		{3759A26B-B1A8-4FBB-AA38-11E061302176}.Release|Any CPU.ActiveCfg = Release|Any CPU
		{3759A26B-B1A8-4FBB-AA38-11E061302176}.Release|Any CPU.Build.0 = Release|Any CPU
		{34CC1AD9-DF8B-40BE-8FB9-2F1A7E4373B6}.Debug|Any CPU.ActiveCfg = Debug|Any CPU
		{34CC1AD9-DF8B-40BE-8FB9-2F1A7E4373B6}.Debug|Any CPU.Build.0 = Debug|Any CPU
		{34CC1AD9-DF8B-40BE-8FB9-2F1A7E4373B6}.Release|Any CPU.ActiveCfg = Release|Any CPU
		{34CC1AD9-DF8B-40BE-8FB9-2F1A7E4373B6}.Release|Any CPU.Build.0 = Release|Any CPU
		{CDC7E153-B0D4-4565-94F8-C1C5E97D0A30}.Debug|Any CPU.ActiveCfg = Debug|Any CPU
		{CDC7E153-B0D4-4565-94F8-C1C5E97D0A30}.Debug|Any CPU.Build.0 = Debug|Any CPU
		{CDC7E153-B0D4-4565-94F8-C1C5E97D0A30}.Release|Any CPU.ActiveCfg = Release|Any CPU
		{CDC7E153-B0D4-4565-94F8-C1C5E97D0A30}.Release|Any CPU.Build.0 = Release|Any CPU
		{F5B45D0B-511C-4545-A747-C7A09DA433B9}.Debug|Any CPU.ActiveCfg = Debug|Any CPU
		{F5B45D0B-511C-4545-A747-C7A09DA433B9}.Debug|Any CPU.Build.0 = Debug|Any CPU
		{F5B45D0B-511C-4545-A747-C7A09DA433B9}.Release|Any CPU.ActiveCfg = Release|Any CPU
		{F5B45D0B-511C-4545-A747-C7A09DA433B9}.Release|Any CPU.Build.0 = Release|Any CPU
		{11C42527-52A0-4882-BC6A-CDD812FCF1DF}.Debug|Any CPU.ActiveCfg = Debug|Any CPU
		{11C42527-52A0-4882-BC6A-CDD812FCF1DF}.Debug|Any CPU.Build.0 = Debug|Any CPU
		{11C42527-52A0-4882-BC6A-CDD812FCF1DF}.Release|Any CPU.ActiveCfg = Release|Any CPU
		{11C42527-52A0-4882-BC6A-CDD812FCF1DF}.Release|Any CPU.Build.0 = Release|Any CPU
		{9FE0AECC-447E-4D03-8ED2-2CC20EBF3199}.Debug|Any CPU.ActiveCfg = Debug|Any CPU
		{9FE0AECC-447E-4D03-8ED2-2CC20EBF3199}.Debug|Any CPU.Build.0 = Debug|Any CPU
		{9FE0AECC-447E-4D03-8ED2-2CC20EBF3199}.Release|Any CPU.ActiveCfg = Release|Any CPU
		{9FE0AECC-447E-4D03-8ED2-2CC20EBF3199}.Release|Any CPU.Build.0 = Release|Any CPU
	EndGlobalSection
	GlobalSection(SolutionProperties) = preSolution
		HideSolutionNode = FALSE
	EndGlobalSection
	GlobalSection(NestedProjects) = preSolution
		{D4D3EF1A-D507-40C2-A627-DA01B13E8DDD} = {8C7056CB-C7A5-4C82-B105-4A2F48884A79}
		{72BC21D0-7E0F-45C3-ADC4-AA2D7EBA36BB} = {1587AFBD-EAD7-4C28-A0E4-BE234A565133}
		{7688DCB1-FC8A-4E51-9C97-67B2838B26E9} = {3668EC7B-F982-462C-9733-41B710437F51}
		{4338C6FF-2FC2-4140-9124-723C93CFF253} = {7F4CC037-5568-486D-9D9E-D3E5C8B71D98}
		{623F8403-2CDA-41C1-BD2C-C8BE91C6FC2C} = {80044A41-E85B-43BF-A5C6-2674A95A402B}
		{68DAF431-6F2C-43DB-BE1D-3FCDB8034174} = {823E6D4A-A8DF-47CD-8712-2DB0B6F3F0D5}
		{3759A26B-B1A8-4FBB-AA38-11E061302176} = {3668EC7B-F982-462C-9733-41B710437F51}
		{34CC1AD9-DF8B-40BE-8FB9-2F1A7E4373B6} = {1587AFBD-EAD7-4C28-A0E4-BE234A565133}
		{CDC7E153-B0D4-4565-94F8-C1C5E97D0A30} = {8C7056CB-C7A5-4C82-B105-4A2F48884A79}
		{F5B45D0B-511C-4545-A747-C7A09DA433B9} = {7F4CC037-5568-486D-9D9E-D3E5C8B71D98}
		{11C42527-52A0-4882-BC6A-CDD812FCF1DF} = {80044A41-E85B-43BF-A5C6-2674A95A402B}
		{9FE0AECC-447E-4D03-8ED2-2CC20EBF3199} = {823E6D4A-A8DF-47CD-8712-2DB0B6F3F0D5}
	EndGlobalSection
EndGlobal
